
Microsoft Visual Studio Solution File, Format Version 12.00
# Visual Studio Version 17
VisualStudioVersion = 17.1.32228.430
MinimumVisualStudioVersion = 10.0.40219.1
Project("{9A19103F-16F7-4668-BE54-9A1E7A4F7556}") = "NLB.Server", "NLB\Server\NLB.Server.csproj", "{DDF56213-B73B-41C6-AE4B-F86751EB1CD6}"
EndProject
Project("{9A19103F-16F7-4668-BE54-9A1E7A4F7556}") = "NLB.Client", "NLB\Client\NLB.Client.csproj", "{501911E3-FC0B-4349-A811-F701A187BB4F}"
EndProject
Project("{9A19103F-16F7-4668-BE54-9A1E7A4F7556}") = "NLB.Shared", "NLB\Shared\NLB.Shared.csproj", "{A9E1496A-DECA-4244-8872-CA3394DA3174}"
EndProject
Global
	GlobalSection(SolutionConfigurationPlatforms) = preSolution
		Debug|Any CPU = Debug|Any CPU
		Release|Any CPU = Release|Any CPU
	EndGlobalSection
	GlobalSection(ProjectConfigurationPlatforms) = postSolution
		{DDF56213-B73B-41C6-AE4B-F86751EB1CD6}.Debug|Any CPU.ActiveCfg = Debug|Any CPU
		{DDF56213-B73B-41C6-AE4B-F86751EB1CD6}.Debug|Any CPU.Build.0 = Debug|Any CPU
		{DDF56213-B73B-41C6-AE4B-F86751EB1CD6}.Release|Any CPU.ActiveCfg = Release|Any CPU
		{DDF56213-B73B-41C6-AE4B-F86751EB1CD6}.Release|Any CPU.Build.0 = Release|Any CPU
		{501911E3-FC0B-4349-A811-F701A187BB4F}.Debug|Any CPU.ActiveCfg = Debug|Any CPU
		{501911E3-FC0B-4349-A811-F701A187BB4F}.Debug|Any CPU.Build.0 = Debug|Any CPU
		{501911E3-FC0B-4349-A811-F701A187BB4F}.Release|Any CPU.ActiveCfg = Release|Any CPU
		{501911E3-FC0B-4349-A811-F701A187BB4F}.Release|Any CPU.Build.0 = Release|Any CPU
		{A9E1496A-DECA-4244-8872-CA3394DA3174}.Debug|Any CPU.ActiveCfg = Debug|Any CPU
		{A9E1496A-DECA-4244-8872-CA3394DA3174}.Debug|Any CPU.Build.0 = Debug|Any CPU
		{A9E1496A-DECA-4244-8872-CA3394DA3174}.Release|Any CPU.ActiveCfg = Release|Any CPU
		{A9E1496A-DECA-4244-8872-CA3394DA3174}.Release|Any CPU.Build.0 = Release|Any CPU
	EndGlobalSection
	GlobalSection(SolutionProperties) = preSolution
		HideSolutionNode = FALSE
	EndGlobalSection
	GlobalSection(ExtensibilityGlobals) = postSolution
		SolutionGuid = {A7B2C3E6-8A1D-44CD-B4CD-C7D3C745D976}
	EndGlobalSection
EndGlobal
